// !$*UTF8*$!
{
	archiveVersion = 1;
	classes = {
	};
	objectVersion = 46;
	objects = {

/* Begin PBXBuildFile section */
		C5DF32B21EF79D5D0093BF29 /* MKAlertControllerTests.m in Sources */ = {isa = PBXBuildFile; fileRef = C5DF32B11EF79D5D0093BF29 /* MKAlertControllerTests.m */; };
		C5DF32BD1EF79D5D0093BF29 /* MKAlertControllerUITests.m in Sources */ = {isa = PBXBuildFile; fileRef = C5DF32BC1EF79D5D0093BF29 /* MKAlertControllerUITests.m */; };
		C5DF32D61EF79DDF0093BF29 /* AppDelegate.m in Sources */ = {isa = PBXBuildFile; fileRef = C5DF32CC1EF79DDF0093BF29 /* AppDelegate.m */; };
		C5DF32D71EF79DDF0093BF29 /* Assets.xcassets in Resources */ = {isa = PBXBuildFile; fileRef = C5DF32CD1EF79DDF0093BF29 /* Assets.xcassets */; };
		C5DF32D81EF79DDF0093BF29 /* LaunchScreen.storyboard in Resources */ = {isa = PBXBuildFile; fileRef = C5DF32CE1EF79DDF0093BF29 /* LaunchScreen.storyboard */; };
		C5DF32D91EF79DDF0093BF29 /* Main.storyboard in Resources */ = {isa = PBXBuildFile; fileRef = C5DF32D01EF79DDF0093BF29 /* Main.storyboard */; };
		C5DF32DA1EF79DDF0093BF29 /* Info.plist in Resources */ = {isa = PBXBuildFile; fileRef = C5DF32D21EF79DDF0093BF29 /* Info.plist */; };
		C5DF32DC1EF79DDF0093BF29 /* ViewController.m in Sources */ = {isa = PBXBuildFile; fileRef = C5DF32D51EF79DDF0093BF29 /* ViewController.m */; };
		C5DF32DF1EF79DE70093BF29 /* UIAlertController+MKAdd.m in Sources */ = {isa = PBXBuildFile; fileRef = C5DF32DE1EF79DE70093BF29 /* UIAlertController+MKAdd.m */; };
		C5DF32E11EF79E710093BF29 /* main.m in Sources */ = {isa = PBXBuildFile; fileRef = C5DF32E01EF79E710093BF29 /* main.m */; };
/* End PBXBuildFile section */

/* Begin PBXContainerItemProxy section */
		C5DF32AE1EF79D5D0093BF29 /* PBXContainerItemProxy */ = {
			isa = PBXContainerItemProxy;
			containerPortal = C5DF328C1EF79D5D0093BF29 /* Project object */;
			proxyType = 1;
			remoteGlobalIDString = C5DF32931EF79D5D0093BF29;
			remoteInfo = MKAlertController;
		};
		C5DF32B91EF79D5D0093BF29 /* PBXContainerItemProxy */ = {
			isa = PBXContainerItemProxy;
			containerPortal = C5DF328C1EF79D5D0093BF29 /* Project object */;
			proxyType = 1;
			remoteGlobalIDString = C5DF32931EF79D5D0093BF29;
			remoteInfo = MKAlertController;
		};
/* End PBXContainerItemProxy section */

/* Begin PBXFileReference section */
		C5DF32941EF79D5D0093BF29 /* MKAlertController.app */ = {isa = PBXFileReference; explicitFileType = wrapper.application; includeInIndex = 0; path = MKAlertController.app; sourceTree = BUILT_PRODUCTS_DIR; };
		C5DF32AD1EF79D5D0093BF29 /* MKAlertControllerTests.xctest */ = {isa = PBXFileReference; explicitFileType = wrapper.cfbundle; includeInIndex = 0; path = MKAlertControllerTests.xctest; sourceTree = BUILT_PRODUCTS_DIR; };
		C5DF32B11EF79D5D0093BF29 /* MKAlertControllerTests.m */ = {isa = PBXFileReference; lastKnownFileType = sourcecode.c.objc; path = MKAlertControllerTests.m; sourceTree = "<group>"; };
		C5DF32B31EF79D5D0093BF29 /* Info.plist */ = {isa = PBXFileReference; lastKnownFileType = text.plist.xml; path = Info.plist; sourceTree = "<group>"; };
		C5DF32B81EF79D5D0093BF29 /* MKAlertControllerUITests.xctest */ = {isa = PBXFileReference; explicitFileType = wrapper.cfbundle; includeInIndex = 0; path = MKAlertControllerUITests.xctest; sourceTree = BUILT_PRODUCTS_DIR; };
		C5DF32BC1EF79D5D0093BF29 /* MKAlertControllerUITests.m */ = {isa = PBXFileReference; lastKnownFileType = sourcecode.c.objc; path = MKAlertControllerUITests.m; sourceTree = "<group>"; };
		C5DF32BE1EF79D5D0093BF29 /* Info.plist */ = {isa = PBXFileReference; lastKnownFileType = text.plist.xml; path = Info.plist; sourceTree = "<group>"; };
		C5DF32CB1EF79DDF0093BF29 /* AppDelegate.h */ = {isa = PBXFileReference; fileEncoding = 4; lastKnownFileType = sourcecode.c.h; path = AppDelegate.h; sourceTree = "<group>"; };
		C5DF32CC1EF79DDF0093BF29 /* AppDelegate.m */ = {isa = PBXFileReference; fileEncoding = 4; lastKnownFileType = sourcecode.c.objc; path = AppDelegate.m; sourceTree = "<group>"; };
		C5DF32CD1EF79DDF0093BF29 /* Assets.xcassets */ = {isa = PBXFileReference; lastKnownFileType = folder.assetcatalog; path = Assets.xcassets; sourceTree = "<group>"; };
		C5DF32CF1EF79DDF0093BF29 /* Base */ = {isa = PBXFileReference; lastKnownFileType = file.storyboard; name = Base; path = Base.lproj/LaunchScreen.storyboard; sourceTree = "<group>"; };
		C5DF32D11EF79DDF0093BF29 /* Base */ = {isa = PBXFileReference; lastKnownFileType = file.storyboard; name = Base; path = Base.lproj/Main.storyboard; sourceTree = "<group>"; };
		C5DF32D21EF79DDF0093BF29 /* Info.plist */ = {isa = PBXFileReference; fileEncoding = 4; lastKnownFileType = text.plist.xml; path = Info.plist; sourceTree = "<group>"; };
		C5DF32D41EF79DDF0093BF29 /* ViewController.h */ = {isa = PBXFileReference; fileEncoding = 4; lastKnownFileType = sourcecode.c.h; path = ViewController.h; sourceTree = "<group>"; };
		C5DF32D51EF79DDF0093BF29 /* ViewController.m */ = {isa = PBXFileReference; fileEncoding = 4; lastKnownFileType = sourcecode.c.objc; path = ViewController.m; sourceTree = "<group>"; };
		C5DF32DD1EF79DE70093BF29 /* UIAlertController+MKAdd.h */ = {isa = PBXFileReference; fileEncoding = 4; lastKnownFileType = sourcecode.c.h; path = "UIAlertController+MKAdd.h"; sourceTree = "<group>"; };
		C5DF32DE1EF79DE70093BF29 /* UIAlertController+MKAdd.m */ = {isa = PBXFileReference; fileEncoding = 4; lastKnownFileType = sourcecode.c.objc; path = "UIAlertController+MKAdd.m"; sourceTree = "<group>"; };
		C5DF32E01EF79E710093BF29 /* main.m */ = {isa = PBXFileReference; fileEncoding = 4; lastKnownFileType = sourcecode.c.objc; name = main.m; path = MKAlertControllerDemo/main.m; sourceTree = SOURCE_ROOT; };
/* End PBXFileReference section */

/* Begin PBXFrameworksBuildPhase section */
		C5DF32911EF79D5D0093BF29 /* Frameworks */ = {
			isa = PBXFrameworksBuildPhase;
			buildActionMask = 2147483647;
			files = (
			);
			runOnlyForDeploymentPostprocessing = 0;
		};
		C5DF32AA1EF79D5D0093BF29 /* Frameworks */ = {
			isa = PBXFrameworksBuildPhase;
			buildActionMask = 2147483647;
			files = (
			);
			runOnlyForDeploymentPostprocessing = 0;
		};
		C5DF32B51EF79D5D0093BF29 /* Frameworks */ = {
			isa = PBXFrameworksBuildPhase;
			buildActionMask = 2147483647;
			files = (
			);
			runOnlyForDeploymentPostprocessing = 0;
		};
/* End PBXFrameworksBuildPhase section */

/* Begin PBXGroup section */
		C5DF328B1EF79D5D0093BF29 = {
			isa = PBXGroup;
			children = (
				C5DF32CA1EF79DDF0093BF29 /* MKAlertControllerDemo */,
				C5DF32961EF79D5D0093BF29 /* MKAlertController */,
				C5DF32B01EF79D5D0093BF29 /* MKAlertControllerTests */,
				C5DF32BB1EF79D5D0093BF29 /* MKAlertControllerUITests */,
				C5DF32951EF79D5D0093BF29 /* Products */,
			);
			sourceTree = "<group>";
		};
		C5DF32951EF79D5D0093BF29 /* Products */ = {
			isa = PBXGroup;
			children = (
				C5DF32941EF79D5D0093BF29 /* MKAlertController.app */,
				C5DF32AD1EF79D5D0093BF29 /* MKAlertControllerTests.xctest */,
				C5DF32B81EF79D5D0093BF29 /* MKAlertControllerUITests.xctest */,
			);
			name = Products;
			sourceTree = "<group>";
		};
		C5DF32961EF79D5D0093BF29 /* MKAlertController */ = {
			isa = PBXGroup;
			children = (
				C5DF32DD1EF79DE70093BF29 /* UIAlertController+MKAdd.h */,
				C5DF32DE1EF79DE70093BF29 /* UIAlertController+MKAdd.m */,
				C5DF32971EF79D5D0093BF29 /* Supporting Files */,
			);
			path = MKAlertController;
			sourceTree = "<group>";
		};
		C5DF32971EF79D5D0093BF29 /* Supporting Files */ = {
			isa = PBXGroup;
			children = (
				C5DF32E01EF79E710093BF29 /* main.m */,
			);
			name = "Supporting Files";
			sourceTree = "<group>";
		};
		C5DF32B01EF79D5D0093BF29 /* MKAlertControllerTests */ = {
			isa = PBXGroup;
			children = (
				C5DF32B11EF79D5D0093BF29 /* MKAlertControllerTests.m */,
				C5DF32B31EF79D5D0093BF29 /* Info.plist */,
			);
			path = MKAlertControllerTests;
			sourceTree = "<group>";
		};
		C5DF32BB1EF79D5D0093BF29 /* MKAlertControllerUITests */ = {
			isa = PBXGroup;
			children = (
				C5DF32BC1EF79D5D0093BF29 /* MKAlertControllerUITests.m */,
				C5DF32BE1EF79D5D0093BF29 /* Info.plist */,
			);
			path = MKAlertControllerUITests;
			sourceTree = "<group>";
		};
		C5DF32CA1EF79DDF0093BF29 /* MKAlertControllerDemo */ = {
			isa = PBXGroup;
			children = (
				C5DF32CB1EF79DDF0093BF29 /* AppDelegate.h */,
				C5DF32CC1EF79DDF0093BF29 /* AppDelegate.m */,
				C5DF32CD1EF79DDF0093BF29 /* Assets.xcassets */,
				C5DF32CE1EF79DDF0093BF29 /* LaunchScreen.storyboard */,
				C5DF32D01EF79DDF0093BF29 /* Main.storyboard */,
				C5DF32D21EF79DDF0093BF29 /* Info.plist */,
				C5DF32D41EF79DDF0093BF29 /* ViewController.h */,
				C5DF32D51EF79DDF0093BF29 /* ViewController.m */,
			);
			path = MKAlertControllerDemo;
			sourceTree = "<group>";
		};
/* End PBXGroup section */

/* Begin PBXNativeTarget section */
		C5DF32931EF79D5D0093BF29 /* MKAlertController */ = {
			isa = PBXNativeTarget;
			buildConfigurationList = C5DF32C11EF79D5D0093BF29 /* Build configuration list for PBXNativeTarget "MKAlertController" */;
			buildPhases = (
				C5DF32901EF79D5D0093BF29 /* Sources */,
				C5DF32911EF79D5D0093BF29 /* Frameworks */,
				C5DF32921EF79D5D0093BF29 /* Resources */,
			);
			buildRules = (
			);
			dependencies = (
			);
			name = MKAlertController;
			productName = MKAlertController;
			productReference = C5DF32941EF79D5D0093BF29 /* MKAlertController.app */;
			productType = "com.apple.product-type.application";
		};
		C5DF32AC1EF79D5D0093BF29 /* MKAlertControllerTests */ = {
			isa = PBXNativeTarget;
			buildConfigurationList = C5DF32C41EF79D5D0093BF29 /* Build configuration list for PBXNativeTarget "MKAlertControllerTests" */;
			buildPhases = (
				C5DF32A91EF79D5D0093BF29 /* Sources */,
				C5DF32AA1EF79D5D0093BF29 /* Frameworks */,
				C5DF32AB1EF79D5D0093BF29 /* Resources */,
			);
			buildRules = (
			);
			dependencies = (
				C5DF32AF1EF79D5D0093BF29 /* PBXTargetDependency */,
			);
			name = MKAlertControllerTests;
			productName = MKAlertControllerTests;
			productReference = C5DF32AD1EF79D5D0093BF29 /* MKAlertControllerTests.xctest */;
			productType = "com.apple.product-type.bundle.unit-test";
		};
		C5DF32B71EF79D5D0093BF29 /* MKAlertControllerUITests */ = {
			isa = PBXNativeTarget;
			buildConfigurationList = C5DF32C71EF79D5D0093BF29 /* Build configuration list for PBXNativeTarget "MKAlertControllerUITests" */;
			buildPhases = (
				C5DF32B41EF79D5D0093BF29 /* Sources */,
				C5DF32B51EF79D5D0093BF29 /* Frameworks */,
				C5DF32B61EF79D5D0093BF29 /* Resources */,
			);
			buildRules = (
			);
			dependencies = (
				C5DF32BA1EF79D5D0093BF29 /* PBXTargetDependency */,
			);
			name = MKAlertControllerUITests;
			productName = MKAlertControllerUITests;
			productReference = C5DF32B81EF79D5D0093BF29 /* MKAlertControllerUITests.xctest */;
			productType = "com.apple.product-type.bundle.ui-testing";
		};
/* End PBXNativeTarget section */

/* Begin PBXProject section */
		C5DF328C1EF79D5D0093BF29 /* Project object */ = {
			isa = PBXProject;
			attributes = {
				LastUpgradeCheck = 0830;
				ORGANIZATIONNAME = mk;
				TargetAttributes = {
					C5DF32931EF79D5D0093BF29 = {
						CreatedOnToolsVersion = 8.3.3;
						DevelopmentTeam = SU5VNK39CL;
						ProvisioningStyle = Automatic;
					};
					C5DF32AC1EF79D5D0093BF29 = {
						CreatedOnToolsVersion = 8.3.3;
						ProvisioningStyle = Automatic;
						TestTargetID = C5DF32931EF79D5D0093BF29;
					};
					C5DF32B71EF79D5D0093BF29 = {
						CreatedOnToolsVersion = 8.3.3;
						ProvisioningStyle = Automatic;
						TestTargetID = C5DF32931EF79D5D0093BF29;
					};
				};
			};
			buildConfigurationList = C5DF328F1EF79D5D0093BF29 /* Build configuration list for PBXProject "MKAlertController" */;
			compatibilityVersion = "Xcode 3.2";
			developmentRegion = English;
			hasScannedForEncodings = 0;
			knownRegions = (
				en,
				Base,
			);
			mainGroup = C5DF328B1EF79D5D0093BF29;
			productRefGroup = C5DF32951EF79D5D0093BF29 /* Products */;
			projectDirPath = "";
			projectRoot = "";
			targets = (
				C5DF32931EF79D5D0093BF29 /* MKAlertController */,
				C5DF32AC1EF79D5D0093BF29 /* MKAlertControllerTests */,
				C5DF32B71EF79D5D0093BF29 /* MKAlertControllerUITests */,
			);
		};
/* End PBXProject section */

/* Begin PBXResourcesBuildPhase section */
		C5DF32921EF79D5D0093BF29 /* Resources */ = {
			isa = PBXResourcesBuildPhase;
			buildActionMask = 2147483647;
			files = (
				C5DF32D71EF79DDF0093BF29 /* Assets.xcassets in Resources */,
				C5DF32D91EF79DDF0093BF29 /* Main.storyboard in Resources */,
				C5DF32D81EF79DDF0093BF29 /* LaunchScreen.storyboard in Resources */,
				C5DF32DA1EF79DDF0093BF29 /* Info.plist in Resources */,
			);
			runOnlyForDeploymentPostprocessing = 0;
		};
		C5DF32AB1EF79D5D0093BF29 /* Resources */ = {
			isa = PBXResourcesBuildPhase;
			buildActionMask = 2147483647;
			files = (
			);
			runOnlyForDeploymentPostprocessing = 0;
		};
		C5DF32B61EF79D5D0093BF29 /* Resources */ = {
			isa = PBXResourcesBuildPhase;
			buildActionMask = 2147483647;
			files = (
			);
			runOnlyForDeploymentPostprocessing = 0;
		};
/* End PBXResourcesBuildPhase section */

/* Begin PBXSourcesBuildPhase section */
		C5DF32901EF79D5D0093BF29 /* Sources */ = {
			isa = PBXSourcesBuildPhase;
			buildActionMask = 2147483647;
			files = (
				C5DF32DC1EF79DDF0093BF29 /* ViewController.m in Sources */,
				C5DF32D61EF79DDF0093BF29 /* AppDelegate.m in Sources */,
				C5DF32E11EF79E710093BF29 /* main.m in Sources */,
				C5DF32DF1EF79DE70093BF29 /* UIAlertController+MKAdd.m in Sources */,
			);
			runOnlyForDeploymentPostprocessing = 0;
		};
		C5DF32A91EF79D5D0093BF29 /* Sources */ = {
			isa = PBXSourcesBuildPhase;
			buildActionMask = 2147483647;
			files = (
				C5DF32B21EF79D5D0093BF29 /* MKAlertControllerTests.m in Sources */,
			);
			runOnlyForDeploymentPostprocessing = 0;
		};
		C5DF32B41EF79D5D0093BF29 /* Sources */ = {
			isa = PBXSourcesBuildPhase;
			buildActionMask = 2147483647;
			files = (
				C5DF32BD1EF79D5D0093BF29 /* MKAlertControllerUITests.m in Sources */,
			);
			runOnlyForDeploymentPostprocessing = 0;
		};
/* End PBXSourcesBuildPhase section */

/* Begin PBXTargetDependency section */
		C5DF32AF1EF79D5D0093BF29 /* PBXTargetDependency */ = {
			isa = PBXTargetDependency;
			target = C5DF32931EF79D5D0093BF29 /* MKAlertController */;
			targetProxy = C5DF32AE1EF79D5D0093BF29 /* PBXContainerItemProxy */;
		};
		C5DF32BA1EF79D5D0093BF29 /* PBXTargetDependency */ = {
			isa = PBXTargetDependency;
			target = C5DF32931EF79D5D0093BF29 /* MKAlertController */;
			targetProxy = C5DF32B91EF79D5D0093BF29 /* PBXContainerItemProxy */;
		};
/* End PBXTargetDependency section */

/* Begin PBXVariantGroup section */
		C5DF32CE1EF79DDF0093BF29 /* LaunchScreen.storyboard */ = {
			isa = PBXVariantGroup;
			children = (
				C5DF32CF1EF79DDF0093BF29 /* Base */,
			);
			name = LaunchScreen.storyboard;
			sourceTree = "<group>";
		};
		C5DF32D01EF79DDF0093BF29 /* Main.storyboard */ = {
			isa = PBXVariantGroup;
			children = (
				C5DF32D11EF79DDF0093BF29 /* Base */,
			);
			name = Main.storyboard;
			sourceTree = "<group>";
		};
/* End PBXVariantGroup section */

/* Begin XCBuildConfiguration section */
		C5DF32BF1EF79D5D0093BF29 /* Debug */ = {
			isa = XCBuildConfiguration;
			buildSettings = {
				ALWAYS_SEARCH_USER_PATHS = NO;
				CLANG_ANALYZER_NONNULL = YES;
				CLANG_ANALYZER_NUMBER_OBJECT_CONVERSION = YES_AGGRESSIVE;
				CLANG_CXX_LANGUAGE_STANDARD = "gnu++0x";
				CLANG_CXX_LIBRARY = "libc++";
				CLANG_ENABLE_MODULES = YES;
				CLANG_ENABLE_OBJC_ARC = YES;
				CLANG_WARN_BOOL_CONVERSION = YES;
				CLANG_WARN_CONSTANT_CONVERSION = YES;
				CLANG_WARN_DIRECT_OBJC_ISA_USAGE = YES_ERROR;
				CLANG_WARN_DOCUMENTATION_COMMENTS = YES;
				CLANG_WARN_EMPTY_BODY = YES;
				CLANG_WARN_ENUM_CONVERSION = YES;
				CLANG_WARN_INFINITE_RECURSION = YES;
				CLANG_WARN_INT_CONVERSION = YES;
				CLANG_WARN_OBJC_ROOT_CLASS = YES_ERROR;
				CLANG_WARN_SUSPICIOUS_MOVE = YES;
				CLANG_WARN_UNREACHABLE_CODE = YES;
				CLANG_WARN__DUPLICATE_METHOD_MATCH = YES;
				"CODE_SIGN_IDENTITY[sdk=iphoneos*]" = "iPhone Developer";
				COPY_PHASE_STRIP = NO;
				DEBUG_INFORMATION_FORMAT = dwarf;
				ENABLE_STRICT_OBJC_MSGSEND = YES;
				ENABLE_TESTABILITY = YES;
				GCC_C_LANGUAGE_STANDARD = gnu99;
				GCC_DYNAMIC_NO_PIC = NO;
				GCC_NO_COMMON_BLOCKS = YES;
				GCC_OPTIMIZATION_LEVEL = 0;
				GCC_PREPROCESSOR_DEFINITIONS = (
					"DEBUG=1",
					"$(inherited)",
				);
				GCC_WARN_64_TO_32_BIT_CONVERSION = YES;
				GCC_WARN_ABOUT_RETURN_TYPE = YES_ERROR;
				GCC_WARN_UNDECLARED_SELECTOR = YES;
				GCC_WARN_UNINITIALIZED_AUTOS = YES_AGGRESSIVE;
				GCC_WARN_UNUSED_FUNCTION = YES;
				GCC_WARN_UNUSED_VARIABLE = YES;
				IPHONEOS_DEPLOYMENT_TARGET = 10.3;
				MTL_ENABLE_DEBUG_INFO = YES;
				ONLY_ACTIVE_ARCH = YES;
				SDKROOT = iphoneos;
				TARGETED_DEVICE_FAMILY = "1,2";
			};
			name = Debug;
		};
		C5DF32C01EF79D5D0093BF29 /* Release */ = {
			isa = XCBuildConfiguration;
			buildSettings = {
				ALWAYS_SEARCH_USER_PATHS = NO;
				CLANG_ANALYZER_NONNULL = YES;
				CLANG_ANALYZER_NUMBER_OBJECT_CONVERSION = YES_AGGRESSIVE;
				CLANG_CXX_LANGUAGE_STANDARD = "gnu++0x";
				CLANG_CXX_LIBRARY = "libc++";
				CLANG_ENABLE_MODULES = YES;
				CLANG_ENABLE_OBJC_ARC = YES;
				CLANG_WARN_BOOL_CONVERSION = YES;
				CLANG_WARN_CONSTANT_CONVERSION = YES;
				CLANG_WARN_DIRECT_OBJC_ISA_USAGE = YES_ERROR;
				CLANG_WARN_DOCUMENTATION_COMMENTS = YES;
				CLANG_WARN_EMPTY_BODY = YES;
				CLANG_WARN_ENUM_CONVERSION = YES;
				CLANG_WARN_INFINITE_RECURSION = YES;
				CLANG_WARN_INT_CONVERSION = YES;
				CLANG_WARN_OBJC_ROOT_CLASS = YES_ERROR;
				CLANG_WARN_SUSPICIOUS_MOVE = YES;
				CLANG_WARN_UNREACHABLE_CODE = YES;
				CLANG_WARN__DUPLICATE_METHOD_MATCH = YES;
				"CODE_SIGN_IDENTITY[sdk=iphoneos*]" = "iPhone Developer";
				COPY_PHASE_STRIP = NO;
				DEBUG_INFORMATION_FORMAT = "dwarf-with-dsym";
				ENABLE_NS_ASSERTIONS = NO;
				ENABLE_STRICT_OBJC_MSGSEND = YES;
				GCC_C_LANGUAGE_STANDARD = gnu99;
				GCC_NO_COMMON_BLOCKS = YES;
				GCC_WARN_64_TO_32_BIT_CONVERSION = YES;
				GCC_WARN_ABOUT_RETURN_TYPE = YES_ERROR;
				GCC_WARN_UNDECLARED_SELECTOR = YES;
				GCC_WARN_UNINITIALIZED_AUTOS = YES_AGGRESSIVE;
				GCC_WARN_UNUSED_FUNCTION = YES;
				GCC_WARN_UNUSED_VARIABLE = YES;
				IPHONEOS_DEPLOYMENT_TARGET = 10.3;
				MTL_ENABLE_DEBUG_INFO = NO;
				SDKROOT = iphoneos;
				TARGETED_DEVICE_FAMILY = "1,2";
				VALIDATE_PRODUCT = YES;
			};
			name = Release;
		};
		C5DF32C21EF79D5D0093BF29 /* Debug */ = {
			isa = XCBuildConfiguration;
			buildSettings = {
				ASSETCATALOG_COMPILER_APPICON_NAME = AppIcon;
				DEVELOPMENT_TEAM = SU5VNK39CL;
				INFOPLIST_FILE = MKAlertControllerDemo/Info.plist;
				IPHONEOS_DEPLOYMENT_TARGET = 8.0;
				LD_RUNPATH_SEARCH_PATHS = "$(inherited) @executable_path/Frameworks";
				PRODUCT_BUNDLE_IDENTIFIER = com.mk.MKAlertController;
				PRODUCT_NAME = "$(TARGET_NAME)";
			};
			name = Debug;
		};
		C5DF32C31EF79D5D0093BF29 /* Release */ = {
			isa = XCBuildConfiguration;
			buildSettings = {
				ASSETCATALOG_COMPILER_APPICON_NAME = AppIcon;
				DEVELOPMENT_TEAM = SU5VNK39CL;
				INFOPLIST_FILE = MKAlertControllerDemo/Info.plist;
				IPHONEOS_DEPLOYMENT_TARGET = 8.0;
				LD_RUNPATH_SEARCH_PATHS = "$(inherited) @executable_path/Frameworks";
				PRODUCT_BUNDLE_IDENTIFIER = com.mk.MKAlertController;
				PRODUCT_NAME = "$(TARGET_NAME)";
			};
			name = Release;
		};
		C5DF32C51EF79D5D0093BF29 /* Debug */ = {
			isa = XCBuildConfiguration;
			buildSettings = {
				BUNDLE_LOADER = "$(TEST_HOST)";
				INFOPLIST_FILE = MKAlertControllerTests/Info.plist;
				LD_RUNPATH_SEARCH_PATHS = "$(inherited) @executable_path/Frameworks @loader_path/Frameworks";
				PRODUCT_BUNDLE_IDENTIFIER = com.mk.MKAlertControllerTests;
				PRODUCT_NAME = "$(TARGET_NAME)";
				TEST_HOST = "$(BUILT_PRODUCTS_DIR)/MKAlertController.app/MKAlertController";
			};
			name = Debug;
		};
		C5DF32C61EF79D5D0093BF29 /* Release */ = {
			isa = XCBuildConfiguration;
			buildSettings = {
				BUNDLE_LOADER = "$(TEST_HOST)";
				INFOPLIST_FILE = MKAlertControllerTests/Info.plist;
				LD_RUNPATH_SEARCH_PATHS = "$(inherited) @executable_path/Frameworks @loader_path/Frameworks";
				PRODUCT_BUNDLE_IDENTIFIER = com.mk.MKAlertControllerTests;
				PRODUCT_NAME = "$(TARGET_NAME)";
				TEST_HOST = "$(BUILT_PRODUCTS_DIR)/MKAlertController.app/MKAlertController";
			};
			name = Release;
		};
		C5DF32C81EF79D5D0093BF29 /* Debug */ = {
			isa = XCBuildConfiguration;
			buildSettings = {
				INFOPLIST_FILE = MKAlertControllerUITests/Info.plist;
				LD_RUNPATH_SEARCH_PATHS = "$(inherited) @executable_path/Frameworks @loader_path/Frameworks";
				PRODUCT_BUNDLE_IDENTIFIER = com.mk.MKAlertControllerUITests;
				PRODUCT_NAME = "$(TARGET_NAME)";
				TEST_TARGET_NAME = MKAlertController;
			};
			name = Debug;
		};
		C5DF32C91EF79D5D0093BF29 /* Release */ = {
			isa = XCBuildConfiguration;
			buildSettings = {
				INFOPLIST_FILE = MKAlertControllerUITests/Info.plist;
				LD_RUNPATH_SEARCH_PATHS = "$(inherited) @executable_path/Frameworks @loader_path/Frameworks";
				PRODUCT_BUNDLE_IDENTIFIER = com.mk.MKAlertControllerUITests;
				PRODUCT_NAME = "$(TARGET_NAME)";
				TEST_TARGET_NAME = MKAlertController;
			};
			name = Release;
		};
/* End XCBuildConfiguration section */

/* Begin XCConfigurationList section */
		C5DF328F1EF79D5D0093BF29 /* Build configuration list for PBXProject "MKAlertController" */ = {
			isa = XCConfigurationList;
			buildConfigurations = (
				C5DF32BF1EF79D5D0093BF29 /* Debug */,
				C5DF32C01EF79D5D0093BF29 /* Release */,
			);
			defaultConfigurationIsVisible = 0;
			defaultConfigurationName = Release;
		};
		C5DF32C11EF79D5D0093BF29 /* Build configuration list for PBXNativeTarget "MKAlertController" */ = {
			isa = XCConfigurationList;
			buildConfigurations = (
				C5DF32C21EF79D5D0093BF29 /* Debug */,
				C5DF32C31EF79D5D0093BF29 /* Release */,
			);
			defaultConfigurationIsVisible = 0;
		};
		C5DF32C41EF79D5D0093BF29 /* Build configuration list for PBXNativeTarget "MKAlertControllerTests" */ = {
			isa = XCConfigurationList;
			buildConfigurations = (
				C5DF32C51EF79D5D0093BF29 /* Debug */,
				C5DF32C61EF79D5D0093BF29 /* Release */,
			);
			defaultConfigurationIsVisible = 0;
		};
		C5DF32C71EF79D5D0093BF29 /* Build configuration list for PBXNativeTarget "MKAlertControllerUITests" */ = {
			isa = XCConfigurationList;
			buildConfigurations = (
				C5DF32C81EF79D5D0093BF29 /* Debug */,
				C5DF32C91EF79D5D0093BF29 /* Release */,
			);
			defaultConfigurationIsVisible = 0;
		};
/* End XCConfigurationList section */
	};
	rootObject = C5DF328C1EF79D5D0093BF29 /* Project object */;
}
